
Microsoft Visual Studio Solution File, Format Version 10.00
# Visual C# Express 2008
Project("{FAE04EC0-301F-11D3-BF4B-00C04F79EFBC}") = "DemoApplication", "DemoApplication\DemoApplication.csproj", "{3940C5F8-8087-42A7-80C5-97F36A79D782}"
EndProject
Global
	GlobalSection(SolutionConfigurationPlatforms) = preSolution
		Debug|Any CPU = Debug|Any CPU
		Release|Any CPU = Release|Any CPU
	EndGlobalSection
	GlobalSection(ProjectConfigurationPlatforms) = postSolution
		{3940C5F8-8087-42A7-80C5-97F36A79D782}.Debug|Any CPU.ActiveCfg = Debug|Any CPU
		{3940C5F8-8087-42A7-80C5-97F36A79D782}.Debug|Any CPU.Build.0 = Debug|Any CPU
		{3940C5F8-8087-42A7-80C5-97F36A79D782}.Release|Any CPU.ActiveCfg = Release|Any CPU
		{3940C5F8-8087-42A7-80C5-97F36A79D782}.Release|Any CPU.Build.0 = Release|Any CPU
	EndGlobalSection
	GlobalSection(SolutionProperties) = preSolution
		HideSolutionNode = FALSE
	EndGlobalSection
EndGlobal
